
Microsoft Visual Studio Solution File, Format Version 12.00
# Visual Studio 15
VisualStudioVersion = 15.0.28307.757
MinimumVisualStudioVersion = 10.0.40219.1
Project("{8BC9CEB8-8B4A-11D0-8D11-00A0C91BC942}") = "FilterWord", "FilterWord\FilterWord.vcxproj", "{D9F1874F-BFD5-4D65-BBA1-9A8C9F9A62EB}"
EndProject
Global
	GlobalSection(SolutionConfigurationPlatforms) = preSolution
		Debug|x64 = Debug|x64
		Debug|x86 = Debug|x86
		Release|x64 = Release|x64
		Release|x86 = Release|x86
	EndGlobalSection
	GlobalSection(ProjectConfigurationPlatforms) = postSolution
		{D9F1874F-BFD5-4D65-BBA1-9A8C9F9A62EB}.Debug|x64.ActiveCfg = Debug|x64
		{D9F1874F-BFD5-4D65-BBA1-9A8C9F9A62EB}.Debug|x64.Build.0 = Debug|x64
		{D9F1874F-BFD5-4D65-BBA1-9A8C9F9A62EB}.Debug|x86.ActiveCfg = Debug|Win32
		{D9F1874F-BFD5-4D65-BBA1-9A8C9F9A62EB}.Debug|x86.Build.0 = Debug|Win32
		{D9F1874F-BFD5-4D65-BBA1-9A8C9F9A62EB}.Release|x64.ActiveCfg = Release|x64
		{D9F1874F-BFD5-4D65-BBA1-9A8C9F9A62EB}.Release|x64.Build.0 = Release|x64
		{D9F1874F-BFD5-4D65-BBA1-9A8C9F9A62EB}.Release|x86.ActiveCfg = Release|Win32
		{D9F1874F-BFD5-4D65-BBA1-9A8C9F9A62EB}.Release|x86.Build.0 = Release|Win32
	EndGlobalSection
	GlobalSection(SolutionProperties) = preSolution
		HideSolutionNode = FALSE
	EndGlobalSection
	GlobalSection(ExtensibilityGlobals) = postSolution
		SolutionGuid = {201FDD6B-6D1C-40EF-9C2A-2E0D2F911D46}
	EndGlobalSection
EndGlobal
